<?xml version="1.0" encoding="utf-8"?>
<Project ToolsVersion="4.0" xmlns="http://schemas.microsoft.com/developer/msbuild/2003">
  <ItemGroup>
    <Filter Include="Source Files">
      <UniqueIdentifier>{4FC737F1-C7A5-4376-A066-2A32D752A2FF}</UniqueIdentifier>
      <Extensions>cpp;c;cc;cxx;c++;cppm;ixx;def;odl;idl;hpj;bat;asm;asmx</Extensions>
    </Filter>
    <Filter Include="Header Files">
      <UniqueIdentifier>{93995380-89BD-4b04-88EB-625FBE52EBFB}</UniqueIdentifier>
      <Extensions>h;hh;hpp;hxx;h++;hm;inl;inc;ipp;xsd</Extensions>
    </Filter>
    <Filter Include="Resource Files">
      <UniqueIdentifier>{67DA6AB6-F800-4c08-8B7A-83BB121AAD01}</UniqueIdentifier>
      <Extensions>rc;ico;cur;bmp;dlg;rc2;rct;bin;rgs;gif;jpg;jpeg;jpe;resx;tiff;tif;png;wav;mfcribbon-ms</Extensions>
    </Filter>
    <Filter Include="Source Files\Engine">
      <UniqueIdentifier>{fe48035f-9b33-4991-bc9b-5028028e87df}</UniqueIdentifier>
    </Filter>
    <Filter Include="Source Files\Engine\Utils">
      <UniqueIdentifier>{4ebf257b-19c2-49ab-942e-03b13bef6224}</UniqueIdentifier>
    </Filter>
    <Filter Include="Source Files\Engine\Renderer">
      <UniqueIdentifier>{e1efe210-7b5f-4a31-8324-797b331daeab}</UniqueIdentifier>
    </Filter>
    <Filter Include="Source Files\Engine\Renderer\Vulkan">
      <UniqueIdentifier>{321023a7-34cd-457d-8ed5-bb31212350a6}</UniqueIdentifier>
    </Filter>
    <Filter Include="Source Files\Engine\Renderer\Windows">
      <UniqueIdentifier>{b9861980-208e-4d36-9aed-78dcba846fb5}</UniqueIdentifier>
    </Filter>
    <Filter Include="Source Files\Engine\Renderer\Pipeline">
      <UniqueIdentifier>{6729596d-7e6f-411b-a383-4828c7279493}</UniqueIdentifier>
    </Filter>
    <Filter Include="Source Files\Engine\Renderer\Pipeline\VertexInput">
      <UniqueIdentifier>{6dd9a9b1-cd46-4397-9243-8271609cdcb3}</UniqueIdentifier>
    </Filter>
    <Filter Include="Source Files\Engine\Renderer\Pipeline\Shaders">
      <UniqueIdentifier>{5cbab846-3da3-4f0b-9aa9-8b5e51a444aa}</UniqueIdentifier>
    </Filter>
    <Filter Include="Source Files\Engine\Renderer\Pipeline\InputAssembly">
      <UniqueIdentifier>{70a8581f-3b57-496a-b7d3-4e022bd0e05d}</UniqueIdentifier>
    </Filter>
    <Filter Include="Source Files\Engine\Renderer\Pipeline\Viewport">
      <UniqueIdentifier>{a72f486c-881a-4e9e-8cfa-2ad85cd535c0}</UniqueIdentifier>
    </Filter>
    <Filter Include="Source Files\Engine\Renderer\Pipeline\Rasterizer">
      <UniqueIdentifier>{2e20b1c9-befa-4528-90b3-970324bc41f7}</UniqueIdentifier>
    </Filter>
    <Filter Include="Source Files\Engine\Renderer\Pipeline\Multisampling">
      <UniqueIdentifier>{ccd8c2e1-2e55-45c3-b117-0de47baeb2b3}</UniqueIdentifier>
    </Filter>
    <Filter Include="Source Files\Engine\Renderer\Pipeline\ColorBlending">
      <UniqueIdentifier>{afbdccda-af2f-402a-b8d8-31cc77378045}</UniqueIdentifier>
    </Filter>
    <Filter Include="Source Files\Engine\Renderer\Pipeline\DynamicState">
      <UniqueIdentifier>{09c91908-f2e5-4874-88e5-b83beb2bef69}</UniqueIdentifier>
    </Filter>
    <Filter Include="Source Files\Engine\Renderer\Pipeline\RenderPass">
      <UniqueIdentifier>{d83853ef-a2f4-48e0-87c3-e8ba4e101a7a}</UniqueIdentifier>
    </Filter>
    <Filter Include="Source Files\Engine\Renderer\Commands">
      <UniqueIdentifier>{1bbf084c-9d26-42d5-b6a2-13a186a6e60d}</UniqueIdentifier>
    </Filter>
    <Filter Include="Source Files\Engine\Renderer\Model">
      <UniqueIdentifier>{1e10ff5b-2d03-4260-b421-6e89303f276f}</UniqueIdentifier>
    </Filter>
    <Filter Include="Source Files\Engine\Renderer\Memory">
      <UniqueIdentifier>{e2e57934-f443-4b44-a324-406b2d506163}</UniqueIdentifier>
    </Filter>
    <Filter Include="Source Files\Engine\Renderer\Vulkan\Utils">
      <UniqueIdentifier>{4ce6e827-8e02-4dbb-a777-7e7cbaa0714f}</UniqueIdentifier>
    </Filter>
    <Filter Include="Source Files\Engine\Renderer\GraphicsObjects">
      <UniqueIdentifier>{3ff63419-98c9-4e7f-83e6-e89097b6ff51}</UniqueIdentifier>
    </Filter>
    <Filter Include="Source Files\Engine\Renderer\Images">
      <UniqueIdentifier>{883dac05-fc33-444e-b35b-a395541bcc3f}</UniqueIdentifier>
    </Filter>
    <Filter Include="Source Files\Engine\Renderer\Pipeline\DepthStencilTest">
      <UniqueIdentifier>{4c7c21c0-d642-4a66-a139-17afff82a0b4}</UniqueIdentifier>
    </Filter>
    <Filter Include="Source Files\Engine\Math">
      <UniqueIdentifier>{49857bf3-2f9e-46e5-8a13-231f7bf219a1}</UniqueIdentifier>
    </Filter>
    <Filter Include="Source Files\Engine\Animation">
      <UniqueIdentifier>{e2737cc7-a834-4b64-8527-bac2ad3a21ad}</UniqueIdentifier>
    </Filter>
    <Filter Include="Source Files\Engine\Renderer\Cameras">
      <UniqueIdentifier>{f11eecb7-fd8b-419c-9b49-ac02f9d437a9}</UniqueIdentifier>
    </Filter>
  </ItemGroup>
  <ItemGroup>
    <ClInclude Include="Engine\Engine.h">
      <Filter>Source Files\Engine</Filter>
    </ClInclude>
    <ClInclude Include="Engine\Utils\Logger.h">
      <Filter>Source Files\Engine\Utils</Filter>
    </ClInclude>
    <ClInclude Include="Engine\Renderer\Renderer.h">
      <Filter>Source Files\Engine\Renderer</Filter>
    </ClInclude>
    <ClInclude Include="Engine\Renderer\Vulkan\VulkanPhysicalDevice.h">
      <Filter>Source Files\Engine\Renderer\Vulkan</Filter>
    </ClInclude>
    <ClInclude Include="Engine\Renderer\Windows\WindowManager.h">
      <Filter>Source Files\Engine\Renderer\Windows</Filter>
    </ClInclude>
    <ClInclude Include="Engine\Renderer\Windows\Window.h">
      <Filter>Source Files\Engine\Renderer\Windows</Filter>
    </ClInclude>
    <ClInclude Include="Engine\Renderer\Pipeline\VertexInput\VertexInputPipelineState.h">
      <Filter>Source Files\Engine\Renderer\Pipeline\VertexInput</Filter>
    </ClInclude>
    <ClInclude Include="Engine\Renderer\Pipeline\InputAssembly\InputAssemblyPipelineState.h">
      <Filter>Source Files\Engine\Renderer\Pipeline\InputAssembly</Filter>
    </ClInclude>
    <ClInclude Include="Engine\Renderer\Pipeline\Viewport\ViewportPipelineState.h">
      <Filter>Source Files\Engine\Renderer\Pipeline\Viewport</Filter>
    </ClInclude>
    <ClInclude Include="Engine\Renderer\Pipeline\Rasterizer\RasterizerPipelineState.h">
      <Filter>Source Files\Engine\Renderer\Pipeline\Rasterizer</Filter>
    </ClInclude>
    <ClInclude Include="Engine\Renderer\Pipeline\Multisampling\MultisamplingPipelineState.h">
      <Filter>Source Files\Engine\Renderer\Pipeline\Multisampling</Filter>
    </ClInclude>
    <ClInclude Include="Engine\Renderer\Pipeline\ColorBlending\ColorBlendingPipelineState.h">
      <Filter>Source Files\Engine\Renderer\Pipeline\ColorBlending</Filter>
    </ClInclude>
    <ClInclude Include="Engine\Renderer\Pipeline\DynamicState\DynamicPipelineState.h">
      <Filter>Source Files\Engine\Renderer\Pipeline\DynamicState</Filter>
    </ClInclude>
    <ClInclude Include="Engine\Renderer\Pipeline\PipelineLayout.h">
      <Filter>Source Files\Engine\Renderer\Pipeline</Filter>
    </ClInclude>
    <ClInclude Include="Engine\Renderer\Pipeline\RenderPass\RenderPass.h">
      <Filter>Source Files\Engine\Renderer\Pipeline\RenderPass</Filter>
    </ClInclude>
    <ClInclude Include="Engine\Renderer\Pipeline\Shaders\ShaderPipelineStage.h">
      <Filter>Source Files\Engine\Renderer\Pipeline\Shaders</Filter>
    </ClInclude>
    <ClInclude Include="Engine\Renderer\Pipeline\Shaders\Shader.h">
      <Filter>Source Files\Engine\Renderer\Pipeline\Shaders</Filter>
    </ClInclude>
    <ClInclude Include="Engine\Renderer\Pipeline\GraphicsPipeline.h">
      <Filter>Source Files\Engine\Renderer\Pipeline</Filter>
    </ClInclude>
    <ClInclude Include="Engine\Renderer\Commands\CommandManager.h">
      <Filter>Source Files\Engine\Renderer\Commands</Filter>
    </ClInclude>
    <ClInclude Include="Engine\Renderer\Model\Vertex.h">
      <Filter>Source Files\Engine\Renderer\Model</Filter>
    </ClInclude>
    <ClInclude Include="Engine\Renderer\Memory\Buffer.h">
      <Filter>Source Files\Engine\Renderer\Memory</Filter>
    </ClInclude>
    <ClInclude Include="Engine\Renderer\Memory\VertexBuffer.h">
      <Filter>Source Files\Engine\Renderer\Memory</Filter>
    </ClInclude>
    <ClInclude Include="Engine\Renderer\Memory\StagingBuffer.h">
      <Filter>Source Files\Engine\Renderer\Memory</Filter>
    </ClInclude>
    <ClInclude Include="Engine\Renderer\Vulkan\Utils\VulkanUtils.h">
      <Filter>Source Files\Engine\Renderer\Vulkan\Utils</Filter>
    </ClInclude>
    <ClInclude Include="Engine\Renderer\Memory\IndexBuffer.h">
      <Filter>Source Files\Engine\Renderer\Memory</Filter>
    </ClInclude>
    <ClInclude Include="Engine\Renderer\Pipeline\Shaders\DescriptorSet.h">
      <Filter>Source Files\Engine\Renderer\Pipeline\Shaders</Filter>
    </ClInclude>
    <ClInclude Include="Engine\Renderer\Pipeline\Shaders\DescriptorSetLayout.h">
      <Filter>Source Files\Engine\Renderer\Pipeline\Shaders</Filter>
    </ClInclude>
    <ClInclude Include="Engine\Renderer\Pipeline\Shaders\DescriptorSetManager.h">
      <Filter>Source Files\Engine\Renderer\Pipeline\Shaders</Filter>
    </ClInclude>
    <ClInclude Include="Engine\Renderer\Memory\UniformBuffer.h">
      <Filter>Source Files\Engine\Renderer\Memory</Filter>
    </ClInclude>
    <ClInclude Include="Engine\Renderer\GraphicsObjects\GraphicsObject.h">
      <Filter>Source Files\Engine\Renderer\GraphicsObjects</Filter>
    </ClInclude>
    <ClInclude Include="Engine\Renderer\Model\Model.h">
      <Filter>Source Files\Engine\Renderer\Model</Filter>
    </ClInclude>
    <ClInclude Include="Engine\Renderer\Model\ModelManager.h">
      <Filter>Source Files\Engine\Renderer\Model</Filter>
    </ClInclude>
    <ClInclude Include="Engine\Renderer\GraphicsObjects\GraphicsObjectManager.h">
      <Filter>Source Files\Engine\Renderer\GraphicsObjects</Filter>
    </ClInclude>
    <ClInclude Include="Engine\Renderer\Images\Texture.h">
      <Filter>Source Files\Engine\Renderer\Images</Filter>
    </ClInclude>
    <ClInclude Include="Engine\Renderer\Memory\MemoryManager.h">
      <Filter>Source Files\Engine\Renderer\Memory</Filter>
    </ClInclude>
    <ClInclude Include="Engine\Renderer\Memory\Image.h">
      <Filter>Source Files\Engine\Renderer\Memory</Filter>
    </ClInclude>
    <ClInclude Include="Engine\Renderer\Pipeline\DepthStencilTest\DepthStencilPipelineState.h">
      <Filter>Source Files\Engine\Renderer\Pipeline\DepthStencilTest</Filter>
    </ClInclude>
    <ClInclude Include="Engine\Math\BezierSpline.h">
      <Filter>Source Files\Engine\Math</Filter>
    </ClInclude>
    <ClInclude Include="Engine\Math\Math.h">
      <Filter>Source Files\Engine\Math</Filter>
    </ClInclude>
    <ClInclude Include="Engine\Math\HermiteSpline.h">
      <Filter>Source Files\Engine\Math</Filter>
    </ClInclude>
    <ClInclude Include="Engine\Animation\Frame.h">
      <Filter>Source Files\Engine\Animation</Filter>
    </ClInclude>
    <ClInclude Include="Engine\Animation\Track.h">
      <Filter>Source Files\Engine\Animation</Filter>
    </ClInclude>
    <ClInclude Include="Engine\Animation\TransformTrack.h">
      <Filter>Source Files\Engine\Animation</Filter>
    </ClInclude>
    <ClInclude Include="Engine\Math\Transform.h">
      <Filter>Source Files\Engine\Math</Filter>
    </ClInclude>
    <ClInclude Include="Engine\Animation\Clip.h">
      <Filter>Source Files\Engine\Animation</Filter>
    </ClInclude>
    <ClInclude Include="Engine\Animation\Pose.h">
      <Filter>Source Files\Engine\Animation</Filter>
    </ClInclude>
    <ClInclude Include="Engine\Animation\Armature.h">
      <Filter>Source Files\Engine\Animation</Filter>
    </ClInclude>
    <ClInclude Include="Engine\Renderer\Cameras\Camera.h">
      <Filter>Source Files\Engine\Renderer\Cameras</Filter>
    </ClInclude>
    <ClInclude Include="Engine\Renderer\Cameras\CameraManager.h">
      <Filter>Source Files\Engine\Renderer\Cameras</Filter>
    </ClInclude>
  </ItemGroup>
  <ItemGroup>
    <ClCompile Include="Engine\Engine.cpp">
      <Filter>Source Files\Engine</Filter>
    </ClCompile>
    <ClCompile Include="Engine\Utils\Logger.cpp">
      <Filter>Source Files\Engine\Utils</Filter>
    </ClCompile>
    <ClCompile Include="Engine\Renderer\Renderer.cpp">
      <Filter>Source Files\Engine\Renderer</Filter>
    </ClCompile>
    <ClCompile Include="Engine\Renderer\Windows\WindowManager.cpp">
      <Filter>Source Files\Engine\Renderer\Windows</Filter>
    </ClCompile>
    <ClCompile Include="Engine\Renderer\Windows\Window.cpp">
      <Filter>Source Files\Engine\Renderer\Windows</Filter>
    </ClCompile>
    <ClCompile Include="Engine\Renderer\Vulkan\VulkanPhysicalDevice.cpp">
      <Filter>Source Files\Engine\Renderer\Vulkan</Filter>
    </ClCompile>
    <ClCompile Include="Engine\Renderer\Pipeline\VertexInput\VertexInputPipelineState.cpp">
      <Filter>Source Files\Engine\Renderer\Pipeline\VertexInput</Filter>
    </ClCompile>
    <ClCompile Include="Engine\Renderer\Pipeline\InputAssembly\InputAssemblyPipelineState.cpp">
      <Filter>Source Files\Engine\Renderer\Pipeline\InputAssembly</Filter>
    </ClCompile>
    <ClCompile Include="Engine\Renderer\Pipeline\Viewport\ViewportPipelineState.cpp">
      <Filter>Source Files\Engine\Renderer\Pipeline\Viewport</Filter>
    </ClCompile>
    <ClCompile Include="Engine\Renderer\Pipeline\Rasterizer\RasterizerPipelineState.cpp">
      <Filter>Source Files\Engine\Renderer\Pipeline\Rasterizer</Filter>
    </ClCompile>
    <ClCompile Include="Engine\Renderer\Pipeline\Multisampling\MultisamplingPipelineState.cpp">
      <Filter>Source Files\Engine\Renderer\Pipeline\Multisampling</Filter>
    </ClCompile>
    <ClCompile Include="Engine\Renderer\Pipeline\ColorBlending\ColorBlendingPipelineState.cpp">
      <Filter>Source Files\Engine\Renderer\Pipeline\ColorBlending</Filter>
    </ClCompile>
    <ClCompile Include="Engine\Renderer\Pipeline\DynamicState\DynamicPipelineState.cpp">
      <Filter>Source Files\Engine\Renderer\Pipeline\DynamicState</Filter>
    </ClCompile>
    <ClCompile Include="Engine\Renderer\Pipeline\PipelineLayout.cpp">
      <Filter>Source Files\Engine\Renderer\Pipeline</Filter>
    </ClCompile>
    <ClCompile Include="Engine\Renderer\Pipeline\Shaders\Shader.cpp">
      <Filter>Source Files\Engine\Renderer\Pipeline\Shaders</Filter>
    </ClCompile>
    <ClCompile Include="Engine\Renderer\Pipeline\Shaders\ShaderPipelineStage.cpp">
      <Filter>Source Files\Engine\Renderer\Pipeline\Shaders</Filter>
    </ClCompile>
    <ClCompile Include="Engine\Renderer\Pipeline\RenderPass\RenderPass.cpp">
      <Filter>Source Files\Engine\Renderer\Pipeline\RenderPass</Filter>
    </ClCompile>
    <ClCompile Include="Engine\Renderer\Pipeline\GraphicsPipeline.cpp">
      <Filter>Source Files\Engine\Renderer\Pipeline</Filter>
    </ClCompile>
    <ClCompile Include="Engine\Renderer\Commands\CommandManager.cpp">
      <Filter>Source Files\Engine\Renderer\Commands</Filter>
    </ClCompile>
    <ClCompile Include="Engine\Renderer\Model\Vertex.cpp">
      <Filter>Source Files\Engine\Renderer\Model</Filter>
    </ClCompile>
    <ClCompile Include="Engine\Renderer\Memory\Buffer.cpp">
      <Filter>Source Files\Engine\Renderer\Memory</Filter>
    </ClCompile>
    <ClCompile Include="Engine\Renderer\Memory\VertexBuffer.cpp">
      <Filter>Source Files\Engine\Renderer\Memory</Filter>
    </ClCompile>
    <ClCompile Include="Engine\Renderer\Memory\StagingBuffer.cpp">
      <Filter>Source Files\Engine\Renderer\Memory</Filter>
    </ClCompile>
    <ClCompile Include="Engine\Renderer\Vulkan\Utils\VulkanUtils.cpp">
      <Filter>Source Files\Engine\Renderer\Vulkan\Utils</Filter>
    </ClCompile>
    <ClCompile Include="Engine\Renderer\Memory\IndexBuffer.cpp">
      <Filter>Source Files\Engine\Renderer\Memory</Filter>
    </ClCompile>
    <ClCompile Include="Engine\Renderer\Pipeline\Shaders\DescriptorSet.cpp">
      <Filter>Source Files\Engine\Renderer\Pipeline\Shaders</Filter>
    </ClCompile>
    <ClCompile Include="Engine\Renderer\Pipeline\Shaders\DescriptorSetLayout.cpp">
      <Filter>Source Files\Engine\Renderer\Pipeline\Shaders</Filter>
    </ClCompile>
    <ClCompile Include="Engine\Renderer\Pipeline\Shaders\DescriptorSetManager.cpp">
      <Filter>Source Files\Engine\Renderer\Pipeline\Shaders</Filter>
    </ClCompile>
    <ClCompile Include="Engine\Renderer\Memory\UniformBuffer.cpp">
      <Filter>Source Files\Engine\Renderer\Memory</Filter>
    </ClCompile>
    <ClCompile Include="Engine\Renderer\Model\Model.cpp">
      <Filter>Source Files\Engine\Renderer\Model</Filter>
    </ClCompile>
    <ClCompile Include="Engine\Renderer\GraphicsObjects\GraphicsObject.cpp">
      <Filter>Source Files\Engine\Renderer\GraphicsObjects</Filter>
    </ClCompile>
    <ClCompile Include="Engine\Renderer\Model\ModelManager.cpp">
      <Filter>Source Files\Engine\Renderer\Model</Filter>
    </ClCompile>
    <ClCompile Include="Engine\Renderer\GraphicsObjects\GraphicsObjectManager.cpp">
      <Filter>Source Files\Engine\Renderer\GraphicsObjects</Filter>
    </ClCompile>
    <ClCompile Include="Engine\Renderer\Images\Texture.cpp">
      <Filter>Source Files\Engine\Renderer\Images</Filter>
    </ClCompile>
    <ClCompile Include="Engine\Renderer\Memory\MemoryManager.cpp">
      <Filter>Source Files\Engine\Renderer\Memory</Filter>
    </ClCompile>
    <ClCompile Include="Engine\Renderer\Memory\Image.cpp">
      <Filter>Source Files\Engine\Renderer\Memory</Filter>
    </ClCompile>
    <ClCompile Include="Engine\Renderer\Pipeline\DepthStencilTest\DepthStencilPipelineState.cpp">
      <Filter>Source Files\Engine\Renderer\Pipeline\DepthStencilTest</Filter>
    </ClCompile>
    <ClCompile Include="Engine\Math\BezierSpline.cpp">
      <Filter>Source Files\Engine\Math</Filter>
    </ClCompile>
    <ClCompile Include="Engine\Math\HermiteSpline.cpp">
      <Filter>Source Files\Engine\Math</Filter>
    </ClCompile>
    <ClCompile Include="Engine\Animation\Track.cpp">
      <Filter>Source Files\Engine\Animation</Filter>
    </ClCompile>
    <ClCompile Include="Engine\Animation\TransformTrack.cpp">
      <Filter>Source Files\Engine\Animation</Filter>
    </ClCompile>
    <ClCompile Include="Engine\Math\Transform.cpp">
      <Filter>Source Files\Engine\Math</Filter>
    </ClCompile>
    <ClCompile Include="Engine\Animation\Clip.cpp">
      <Filter>Source Files\Engine\Animation</Filter>
    </ClCompile>
    <ClCompile Include="Engine\Animation\Pose.cpp">
      <Filter>Source Files\Engine\Animation</Filter>
    </ClCompile>
    <ClCompile Include="Engine\Animation\Armature.cpp">
      <Filter>Source Files\Engine\Animation</Filter>
    </ClCompile>
    <ClCompile Include="Engine\Math\Math.cpp">
      <Filter>Source Files\Engine\Math</Filter>
    </ClCompile>
    <ClCompile Include="Engine\Renderer\Cameras\Camera.cpp">
      <Filter>Source Files\Engine\Renderer\Cameras</Filter>
    </ClCompile>
    <ClCompile Include="Engine\Renderer\Cameras\CameraManager.cpp">
      <Filter>Source Files</Filter>
    </ClCompile>
  </ItemGroup>
  <ItemGroup>
    <None Include="Engine\Renderer\Pipeline\Shaders\Animated.frag">
      <Filter>Source Files\Engine\Renderer\Pipeline\Shaders</Filter>
    </None>
    <None Include="Engine\Renderer\Pipeline\Shaders\Animated.vert">
      <Filter>Source Files\Engine\Renderer\Pipeline\Shaders</Filter>
    </None>
    <None Include="Static.vert">
      <Filter>Source Files\Engine\Renderer\Pipeline\Shaders</Filter>
    </None>
    <None Include="Static.frag">
      <Filter>Source Files\Engine\Renderer\Pipeline\Shaders</Filter>
    </None>
  </ItemGroup>
</Project>